
Microsoft Visual Studio Solution File, Format Version 12.00
# Visual Studio 15
VisualStudioVersion = 15.0.26730.10
MinimumVisualStudioVersion = 10.0.40219.1
Project("{2150E333-8FDC-42A3-9474-1A3956D46DE8}") = "src", "src", "{AFAA0841-BD93-466F-B8F4-FB4EEC86F1FC}"
EndProject
Project("{2150E333-8FDC-42A3-9474-1A3956D46DE8}") = "test", "test", "{F10AA149-2626-486E-85BB-9CD5365F3016}"
EndProject
Project("{9A19103F-16F7-4668-BE54-9A1E7A4F7556}") = "Selfnet.Web", "src\Selfnet.Web\Selfnet.Web.csproj", "{A2213374-BB48-48FD-BBD4-81E6A961D866}"
EndProject
Project("{9A19103F-16F7-4668-BE54-9A1E7A4F7556}") = "Selfnet.Core", "src\Selfnet.Core\Selfnet.Core.csproj", "{0FA75A5B-AB83-4FD0-B545-279774C01E87}"
EndProject
Project("{9A19103F-16F7-4668-BE54-9A1E7A4F7556}") = "Selfnet.Application", "src\Selfnet.Application\Selfnet.Application.csproj", "{3870C648-4AEA-4B85-BA3F-F2F63B96136A}"
EndProject
Project("{9A19103F-16F7-4668-BE54-9A1E7A4F7556}") = "Selfnet.EntityFrameworkCore", "src\Selfnet.EntityFrameworkCore\Selfnet.EntityFrameworkCore.csproj", "{DC780BC4-4EAC-4C63-9052-6F3169A59FA4}"
EndProject
Project("{9A19103F-16F7-4668-BE54-9A1E7A4F7556}") = "Selfnet.Tests", "test\Selfnet.Tests\Selfnet.Tests.csproj", "{0D4C5D00-C144-4213-A007-4B8944113AB1}"
EndProject
Project("{9A19103F-16F7-4668-BE54-9A1E7A4F7556}") = "Selfnet.Web.Tests", "test\Selfnet.Web.Tests\Selfnet.Web.Tests.csproj", "{5D441612-29CA-4DAD-9945-B9DE11CE026C}"
EndProject
Project("{2150E333-8FDC-42A3-9474-1A3956D46DE8}") = "core", "core", "{88C01FFD-D3F4-4F1C-8E8D-E2D4B65A0DA0}"
EndProject
Project("{9A19103F-16F7-4668-BE54-9A1E7A4F7556}") = "Selfnet.Core.Web", "core\Selfnet.Core.Web\Selfnet.Core.Web.csproj", "{D10613C2-6370-4787-A483-4454641C04FA}"
EndProject
Project("{FAE04EC0-301F-11D3-BF4B-00C04F79EFBC}") = "Selfnet.Common", "src\Selfnet.Common\Selfnet.Common.csproj", "{B57F4801-5C49-4896-A684-38569FFA10AB}"
EndProject
Project("{2150E333-8FDC-42A3-9474-1A3956D46DE8}") = "domain", "domain", "{91AC754C-4013-49A5-8E44-55E87838BAAC}"
EndProject
Project("{2150E333-8FDC-42A3-9474-1A3956D46DE8}") = "contents", "contents", "{550C670E-5E45-405F-BD9A-2CBE6D21913B}"
EndProject
Project("{FAE04EC0-301F-11D3-BF4B-00C04F79EFBC}") = "Selfnet.Core.Contents", "src\Selfnet.Core.Contents\Selfnet.Core.Contents.csproj", "{F4C1BB39-400D-4D14-B203-374519DBAAE0}"
EndProject
Project("{FAE04EC0-301F-11D3-BF4B-00C04F79EFBC}") = "Selfnet.EntityFramework.Contents", "src\Selfnet.EntityFramework.Contents\Selfnet.EntityFramework.Contents.csproj", "{4F9B4754-9F8F-434C-8515-DA0F8F6BA6BC}"
EndProject
Project("{2150E333-8FDC-42A3-9474-1A3956D46DE8}") = "products", "products", "{4869E3FF-7204-45F1-A886-69EF78C9AD8F}"
EndProject
Project("{FAE04EC0-301F-11D3-BF4B-00C04F79EFBC}") = "Selfnet.Core.Products", "src\Selfnet.Core.Products\Selfnet.Core.Products.csproj", "{3C2DDFCE-D5F6-4E2E-AD74-4B90411D32B5}"
EndProject
Project("{FAE04EC0-301F-11D3-BF4B-00C04F79EFBC}") = "Selfnet.EntityFramework.Products", "src\Selfnet.Entityframework.Products\Selfnet.EntityFramework.Products.csproj", "{50041F9F-BE5B-4C73-B567-C5D8A6454143}"
EndProject
Project("{2150E333-8FDC-42A3-9474-1A3956D46DE8}") = "orders", "orders", "{9E1FE7BE-7628-43D2-9CD1-9421B6991CD5}"
EndProject
Project("{FAE04EC0-301F-11D3-BF4B-00C04F79EFBC}") = "Selfnet.Core.Orders", "src\Selfnet.Core.Orders\Selfnet.Core.Orders.csproj", "{28AEC853-2358-45FE-8AD5-03AC8FA3BFE0}"
EndProject
Project("{FAE04EC0-301F-11D3-BF4B-00C04F79EFBC}") = "Selfnet.EntityFramework.Orders", "src\Selfnet.EntityFramework.Orders\Selfnet.EntityFramework.Orders.csproj", "{EF79CE73-9B22-4331-8C4F-8701457A6C83}"
EndProject
Project("{2150E333-8FDC-42A3-9474-1A3956D46DE8}") = "services", "services", "{87ADA18E-CC48-4B58-9A95-1B702CA66D44}"
EndProject
Project("{FAE04EC0-301F-11D3-BF4B-00C04F79EFBC}") = "Selfnet.Core.Services", "src\Selfnet.Core.Services\Selfnet.Core.Services.csproj", "{34D065A4-2C2A-4A2E-8367-767AE0A50F83}"
EndProject
Project("{FAE04EC0-301F-11D3-BF4B-00C04F79EFBC}") = "Selfnet.EntityFramework.Services", "src\Selfnet.EntityFramework.Services\Selfnet.EntityFramework.Services.csproj", "{30353C26-7983-41B5-890D-5DDECA322D1C}"
EndProject
Project("{2150E333-8FDC-42A3-9474-1A3956D46DE8}") = "application", "application", "{CE1B0EB4-DF18-4386-A9BA-007D9F5ED183}"
EndProject
Project("{2150E333-8FDC-42A3-9474-1A3956D46DE8}") = "presentation", "presentation", "{28BABE8D-D385-4A31-87A5-8F07F772DCA4}"
EndProject
Project("{FAE04EC0-301F-11D3-BF4B-00C04F79EFBC}") = "Selfnet.Console", "src\Selfnet.Console\Selfnet.Console.csproj", "{068845BE-B992-4198-9412-2FB12F69A592}"
EndProject
Global
	GlobalSection(SolutionConfigurationPlatforms) = preSolution
		Debug|Any CPU = Debug|Any CPU
		Release|Any CPU = Release|Any CPU
	EndGlobalSection
	GlobalSection(ProjectConfigurationPlatforms) = postSolution
		{A2213374-BB48-48FD-BBD4-81E6A961D866}.Debug|Any CPU.ActiveCfg = Debug|Any CPU
		{A2213374-BB48-48FD-BBD4-81E6A961D866}.Debug|Any CPU.Build.0 = Debug|Any CPU
		{A2213374-BB48-48FD-BBD4-81E6A961D866}.Release|Any CPU.ActiveCfg = Release|Any CPU
		{A2213374-BB48-48FD-BBD4-81E6A961D866}.Release|Any CPU.Build.0 = Release|Any CPU
		{0FA75A5B-AB83-4FD0-B545-279774C01E87}.Debug|Any CPU.ActiveCfg = Debug|Any CPU
		{0FA75A5B-AB83-4FD0-B545-279774C01E87}.Debug|Any CPU.Build.0 = Debug|Any CPU
		{0FA75A5B-AB83-4FD0-B545-279774C01E87}.Release|Any CPU.ActiveCfg = Release|Any CPU
		{0FA75A5B-AB83-4FD0-B545-279774C01E87}.Release|Any CPU.Build.0 = Release|Any CPU
		{3870C648-4AEA-4B85-BA3F-F2F63B96136A}.Debug|Any CPU.ActiveCfg = Debug|Any CPU
		{3870C648-4AEA-4B85-BA3F-F2F63B96136A}.Debug|Any CPU.Build.0 = Debug|Any CPU
		{3870C648-4AEA-4B85-BA3F-F2F63B96136A}.Release|Any CPU.ActiveCfg = Release|Any CPU
		{3870C648-4AEA-4B85-BA3F-F2F63B96136A}.Release|Any CPU.Build.0 = Release|Any CPU
		{DC780BC4-4EAC-4C63-9052-6F3169A59FA4}.Debug|Any CPU.ActiveCfg = Debug|Any CPU
		{DC780BC4-4EAC-4C63-9052-6F3169A59FA4}.Debug|Any CPU.Build.0 = Debug|Any CPU
		{DC780BC4-4EAC-4C63-9052-6F3169A59FA4}.Release|Any CPU.ActiveCfg = Release|Any CPU
		{DC780BC4-4EAC-4C63-9052-6F3169A59FA4}.Release|Any CPU.Build.0 = Release|Any CPU
		{0D4C5D00-C144-4213-A007-4B8944113AB1}.Debug|Any CPU.ActiveCfg = Debug|Any CPU
		{0D4C5D00-C144-4213-A007-4B8944113AB1}.Debug|Any CPU.Build.0 = Debug|Any CPU
		{0D4C5D00-C144-4213-A007-4B8944113AB1}.Release|Any CPU.ActiveCfg = Release|Any CPU
		{0D4C5D00-C144-4213-A007-4B8944113AB1}.Release|Any CPU.Build.0 = Release|Any CPU
		{5D441612-29CA-4DAD-9945-B9DE11CE026C}.Debug|Any CPU.ActiveCfg = Debug|Any CPU
		{5D441612-29CA-4DAD-9945-B9DE11CE026C}.Debug|Any CPU.Build.0 = Debug|Any CPU
		{5D441612-29CA-4DAD-9945-B9DE11CE026C}.Release|Any CPU.ActiveCfg = Release|Any CPU
		{5D441612-29CA-4DAD-9945-B9DE11CE026C}.Release|Any CPU.Build.0 = Release|Any CPU
		{D10613C2-6370-4787-A483-4454641C04FA}.Debug|Any CPU.ActiveCfg = Debug|Any CPU
		{D10613C2-6370-4787-A483-4454641C04FA}.Debug|Any CPU.Build.0 = Debug|Any CPU
		{D10613C2-6370-4787-A483-4454641C04FA}.Release|Any CPU.ActiveCfg = Release|Any CPU
		{D10613C2-6370-4787-A483-4454641C04FA}.Release|Any CPU.Build.0 = Release|Any CPU
		{B57F4801-5C49-4896-A684-38569FFA10AB}.Debug|Any CPU.ActiveCfg = Debug|Any CPU
		{B57F4801-5C49-4896-A684-38569FFA10AB}.Debug|Any CPU.Build.0 = Debug|Any CPU
		{B57F4801-5C49-4896-A684-38569FFA10AB}.Release|Any CPU.ActiveCfg = Release|Any CPU
		{B57F4801-5C49-4896-A684-38569FFA10AB}.Release|Any CPU.Build.0 = Release|Any CPU
		{F4C1BB39-400D-4D14-B203-374519DBAAE0}.Debug|Any CPU.ActiveCfg = Debug|Any CPU
		{F4C1BB39-400D-4D14-B203-374519DBAAE0}.Debug|Any CPU.Build.0 = Debug|Any CPU
		{F4C1BB39-400D-4D14-B203-374519DBAAE0}.Release|Any CPU.ActiveCfg = Release|Any CPU
		{F4C1BB39-400D-4D14-B203-374519DBAAE0}.Release|Any CPU.Build.0 = Release|Any CPU
		{4F9B4754-9F8F-434C-8515-DA0F8F6BA6BC}.Debug|Any CPU.ActiveCfg = Debug|Any CPU
		{4F9B4754-9F8F-434C-8515-DA0F8F6BA6BC}.Debug|Any CPU.Build.0 = Debug|Any CPU
		{4F9B4754-9F8F-434C-8515-DA0F8F6BA6BC}.Release|Any CPU.ActiveCfg = Release|Any CPU
		{4F9B4754-9F8F-434C-8515-DA0F8F6BA6BC}.Release|Any CPU.Build.0 = Release|Any CPU
		{3C2DDFCE-D5F6-4E2E-AD74-4B90411D32B5}.Debug|Any CPU.ActiveCfg = Debug|Any CPU
		{3C2DDFCE-D5F6-4E2E-AD74-4B90411D32B5}.Debug|Any CPU.Build.0 = Debug|Any CPU
		{3C2DDFCE-D5F6-4E2E-AD74-4B90411D32B5}.Release|Any CPU.ActiveCfg = Release|Any CPU
		{3C2DDFCE-D5F6-4E2E-AD74-4B90411D32B5}.Release|Any CPU.Build.0 = Release|Any CPU
		{50041F9F-BE5B-4C73-B567-C5D8A6454143}.Debug|Any CPU.ActiveCfg = Debug|Any CPU
		{50041F9F-BE5B-4C73-B567-C5D8A6454143}.Debug|Any CPU.Build.0 = Debug|Any CPU
		{50041F9F-BE5B-4C73-B567-C5D8A6454143}.Release|Any CPU.ActiveCfg = Release|Any CPU
		{50041F9F-BE5B-4C73-B567-C5D8A6454143}.Release|Any CPU.Build.0 = Release|Any CPU
		{28AEC853-2358-45FE-8AD5-03AC8FA3BFE0}.Debug|Any CPU.ActiveCfg = Debug|Any CPU
		{28AEC853-2358-45FE-8AD5-03AC8FA3BFE0}.Debug|Any CPU.Build.0 = Debug|Any CPU
		{28AEC853-2358-45FE-8AD5-03AC8FA3BFE0}.Release|Any CPU.ActiveCfg = Release|Any CPU
		{28AEC853-2358-45FE-8AD5-03AC8FA3BFE0}.Release|Any CPU.Build.0 = Release|Any CPU
		{EF79CE73-9B22-4331-8C4F-8701457A6C83}.Debug|Any CPU.ActiveCfg = Debug|Any CPU
		{EF79CE73-9B22-4331-8C4F-8701457A6C83}.Debug|Any CPU.Build.0 = Debug|Any CPU
		{EF79CE73-9B22-4331-8C4F-8701457A6C83}.Release|Any CPU.ActiveCfg = Release|Any CPU
		{EF79CE73-9B22-4331-8C4F-8701457A6C83}.Release|Any CPU.Build.0 = Release|Any CPU
		{34D065A4-2C2A-4A2E-8367-767AE0A50F83}.Debug|Any CPU.ActiveCfg = Debug|Any CPU
		{34D065A4-2C2A-4A2E-8367-767AE0A50F83}.Debug|Any CPU.Build.0 = Debug|Any CPU
		{34D065A4-2C2A-4A2E-8367-767AE0A50F83}.Release|Any CPU.ActiveCfg = Release|Any CPU
		{34D065A4-2C2A-4A2E-8367-767AE0A50F83}.Release|Any CPU.Build.0 = Release|Any CPU
		{30353C26-7983-41B5-890D-5DDECA322D1C}.Debug|Any CPU.ActiveCfg = Debug|Any CPU
		{30353C26-7983-41B5-890D-5DDECA322D1C}.Debug|Any CPU.Build.0 = Debug|Any CPU
		{30353C26-7983-41B5-890D-5DDECA322D1C}.Release|Any CPU.ActiveCfg = Release|Any CPU
		{30353C26-7983-41B5-890D-5DDECA322D1C}.Release|Any CPU.Build.0 = Release|Any CPU
		{068845BE-B992-4198-9412-2FB12F69A592}.Debug|Any CPU.ActiveCfg = Debug|Any CPU
		{068845BE-B992-4198-9412-2FB12F69A592}.Debug|Any CPU.Build.0 = Debug|Any CPU
		{068845BE-B992-4198-9412-2FB12F69A592}.Release|Any CPU.ActiveCfg = Release|Any CPU
		{068845BE-B992-4198-9412-2FB12F69A592}.Release|Any CPU.Build.0 = Release|Any CPU
	EndGlobalSection
	GlobalSection(SolutionProperties) = preSolution
		HideSolutionNode = FALSE
	EndGlobalSection
	GlobalSection(NestedProjects) = preSolution
		{A2213374-BB48-48FD-BBD4-81E6A961D866} = {28BABE8D-D385-4A31-87A5-8F07F772DCA4}
		{0FA75A5B-AB83-4FD0-B545-279774C01E87} = {91AC754C-4013-49A5-8E44-55E87838BAAC}
		{3870C648-4AEA-4B85-BA3F-F2F63B96136A} = {CE1B0EB4-DF18-4386-A9BA-007D9F5ED183}
		{DC780BC4-4EAC-4C63-9052-6F3169A59FA4} = {91AC754C-4013-49A5-8E44-55E87838BAAC}
		{0D4C5D00-C144-4213-A007-4B8944113AB1} = {F10AA149-2626-486E-85BB-9CD5365F3016}
		{5D441612-29CA-4DAD-9945-B9DE11CE026C} = {F10AA149-2626-486E-85BB-9CD5365F3016}
		{D10613C2-6370-4787-A483-4454641C04FA} = {88C01FFD-D3F4-4F1C-8E8D-E2D4B65A0DA0}
		{B57F4801-5C49-4896-A684-38569FFA10AB} = {91AC754C-4013-49A5-8E44-55E87838BAAC}
		{91AC754C-4013-49A5-8E44-55E87838BAAC} = {AFAA0841-BD93-466F-B8F4-FB4EEC86F1FC}
		{550C670E-5E45-405F-BD9A-2CBE6D21913B} = {91AC754C-4013-49A5-8E44-55E87838BAAC}
		{F4C1BB39-400D-4D14-B203-374519DBAAE0} = {550C670E-5E45-405F-BD9A-2CBE6D21913B}
		{4F9B4754-9F8F-434C-8515-DA0F8F6BA6BC} = {550C670E-5E45-405F-BD9A-2CBE6D21913B}
		{4869E3FF-7204-45F1-A886-69EF78C9AD8F} = {91AC754C-4013-49A5-8E44-55E87838BAAC}
		{3C2DDFCE-D5F6-4E2E-AD74-4B90411D32B5} = {4869E3FF-7204-45F1-A886-69EF78C9AD8F}
		{50041F9F-BE5B-4C73-B567-C5D8A6454143} = {4869E3FF-7204-45F1-A886-69EF78C9AD8F}
		{9E1FE7BE-7628-43D2-9CD1-9421B6991CD5} = {91AC754C-4013-49A5-8E44-55E87838BAAC}
		{28AEC853-2358-45FE-8AD5-03AC8FA3BFE0} = {9E1FE7BE-7628-43D2-9CD1-9421B6991CD5}
		{EF79CE73-9B22-4331-8C4F-8701457A6C83} = {9E1FE7BE-7628-43D2-9CD1-9421B6991CD5}
		{87ADA18E-CC48-4B58-9A95-1B702CA66D44} = {91AC754C-4013-49A5-8E44-55E87838BAAC}
		{34D065A4-2C2A-4A2E-8367-767AE0A50F83} = {87ADA18E-CC48-4B58-9A95-1B702CA66D44}
		{30353C26-7983-41B5-890D-5DDECA322D1C} = {87ADA18E-CC48-4B58-9A95-1B702CA66D44}
		{CE1B0EB4-DF18-4386-A9BA-007D9F5ED183} = {AFAA0841-BD93-466F-B8F4-FB4EEC86F1FC}
		{28BABE8D-D385-4A31-87A5-8F07F772DCA4} = {AFAA0841-BD93-466F-B8F4-FB4EEC86F1FC}
		{068845BE-B992-4198-9412-2FB12F69A592} = {28BABE8D-D385-4A31-87A5-8F07F772DCA4}
	EndGlobalSection
	GlobalSection(ExtensibilityGlobals) = postSolution
		SolutionGuid = {DD8C72A8-A7D4-4BD7-86DA-182122C0C317}
	EndGlobalSection
EndGlobal
